{
  "name": "hermes-arinova-sidecar",
  "version": "0.1.0",
  "lockfileVersion": 3,
  "requires": true,
  "packages": {
    "": {
      "name": "hermes-arinova-sidecar",
      "version": "0.1.0",
      "dependencies": {
        "@arinova-ai/agent-sdk": "0.2.0"
      },
      "engines": {
        "node": ">=22"
      }
    },
    "node_modules/@arinova-ai/agent-sdk": {
      "version": "0.2.0",
      "resolved": "https://registry.npmjs.org/@arinova-ai/agent-sdk/-/agent-sdk-0.2.0.tgz",
      "license": "MIT",
      "engines": {
        "node": ">=22"
      }
    }
  }
}
