{
  "name": "hermes-arinova-sidecar",
  "version": "0.1.0",
  "lockfileVersion": 3,
  "requires": true,
  "packages": {
    "": {
      "name": "hermes-arinova-sidecar",
      "version": "0.1.0",
      "dependencies": {
        "@arinova-ai/agent-sdk": "0.0.19"
      },
      "engines": {
        "node": ">=20"
      }
    },
    "node_modules/@arinova-ai/agent-sdk": {
      "version": "0.0.19",
      "resolved": "https://registry.npmjs.org/@arinova-ai/agent-sdk/-/agent-sdk-0.0.19.tgz",
      "integrity": "sha512-51F/tcfkhFI7edY8ykO6O0gowqHd7zqE9mDdXmXSDh6XJtO+exENYnBNGkc6UydeNhDHKuw5EjPdRE4hpxsRXA==",
      "license": "MIT",
      "engines": {
        "node": ">=22"
      }
    }
  }
}
